// !$*UTF8*$!
{
	archiveVersion = 1;
	classes = {
	};
	objectVersion = 46;
	objects = {

/* Begin PBXBuildFile section */
		729202F91E6C95A90051A70D /* AppDelegate.swift in Sources */ = {isa = PBXBuildFile; fileRef = 729202F81E6C95A90051A70D /* AppDelegate.swift */; };
		729202FB1E6C95A90051A70D /* ViewController.swift in Sources */ = {isa = PBXBuildFile; fileRef = 729202FA1E6C95A90051A70D /* ViewController.swift */; };
		729202FE1E6C95A90051A70D /* Main.storyboard in Resources */ = {isa = PBXBuildFile; fileRef = 729202FC1E6C95A90051A70D /* Main.storyboard */; };
		729203001E6C95A90051A70D /* Assets.xcassets in Resources */ = {isa = PBXBuildFile; fileRef = 729202FF1E6C95A90051A70D /* Assets.xcassets */; };
		729203031E6C95A90051A70D /* LaunchScreen.storyboard in Resources */ = {isa = PBXBuildFile; fileRef = 729203011E6C95A90051A70D /* LaunchScreen.storyboard */; };
/* End PBXBuildFile section */

/* Begin PBXFileReference section */
		729202F51E6C95A90051A70D /* ConvertAnything2.app */ = {isa = PBXFileReference; explicitFileType = wrapper.application; includeInIndex = 0; path = ConvertAnything2.app; sourceTree = BUILT_PRODUCTS_DIR; };
		729202F81E6C95A90051A70D /* AppDelegate.swift */ = {isa = PBXFileReference; lastKnownFileType = sourcecode.swift; path = AppDelegate.swift; sourceTree = "<group>"; };
		729202FA1E6C95A90051A70D /* ViewController.swift */ = {isa = PBXFileReference; lastKnownFileType = sourcecode.swift; path = ViewController.swift; sourceTree = "<group>"; };
		729202FD1E6C95A90051A70D /* Base */ = {isa = PBXFileReference; lastKnownFileType = file.storyboard; name = Base; path = Base.lproj/Main.storyboard; sourceTree = "<group>"; };
		729202FF1E6C95A90051A70D /* Assets.xcassets */ = {isa = PBXFileReference; lastKnownFileType = folder.assetcatalog; path = Assets.xcassets; sourceTree = "<group>"; };
		729203021E6C95A90051A70D /* Base */ = {isa = PBXFileReference; lastKnownFileType = file.storyboard; name = Base; path = Base.lproj/LaunchScreen.storyboard; sourceTree = "<group>"; };
		729203041E6C95A90051A70D /* Info.plist */ = {isa = PBXFileReference; lastKnownFileType = text.plist.xml; path = Info.plist; sourceTree = "<group>"; };
/* End PBXFileReference section */

/* Begin PBXFrameworksBuildPhase section */
		729202F21E6C95A90051A70D /* Frameworks */ = {
			isa = PBXFrameworksBuildPhase;
			buildActionMask = 2147483647;
			files = (
			);
			runOnlyForDeploymentPostprocessing = 0;
		};
/* End PBXFrameworksBuildPhase section */

/* Begin PBXGroup section */
		729202EC1E6C95A80051A70D = {
			isa = PBXGroup;
			children = (
				729202F71E6C95A90051A70D /* ConvertAnything2 */,
				729202F61E6C95A90051A70D /* Products */,
			);
			sourceTree = "<group>";
		};
		729202F61E6C95A90051A70D /* Products */ = {
			isa = PBXGroup;
			children = (
				729202F51E6C95A90051A70D /* ConvertAnything2.app */,
			);
			name = Products;
			sourceTree = "<group>";
		};
		729202F71E6C95A90051A70D /* ConvertAnything2 */ = {
			isa = PBXGroup;
			children = (
				729202F81E6C95A90051A70D /* AppDelegate.swift */,
				729202FA1E6C95A90051A70D /* ViewController.swift */,
				729202FC1E6C95A90051A70D /* Main.storyboard */,
				729202FF1E6C95A90051A70D /* Assets.xcassets */,
				729203011E6C95A90051A70D /* LaunchScreen.storyboard */,
				729203041E6C95A90051A70D /* Info.plist */,
			);
			path = ConvertAnything2;
			sourceTree = "<group>";
		};
/* End PBXGroup section */

/* Begin PBXNativeTarget section */
		729202F41E6C95A90051A70D /* ConvertAnything2 */ = {
			isa = PBXNativeTarget;
			buildConfigurationList = 729203071E6C95A90051A70D /* Build configuration list for PBXNativeTarget "ConvertAnything2" */;
			buildPhases = (
				729202F11E6C95A90051A70D /* Sources */,
				729202F21E6C95A90051A70D /* Frameworks */,
				729202F31E6C95A90051A70D /* Resources */,
			);
			buildRules = (
			);
			dependencies = (
			);
			name = ConvertAnything2;
			productName = ConvertAnything2;
			productReference = 729202F51E6C95A90051A70D /* ConvertAnything2.app */;
			productType = "com.apple.product-type.application";
		};
/* End PBXNativeTarget section */

/* Begin PBXProject section */
		729202ED1E6C95A90051A70D /* Project object */ = {
			isa = PBXProject;
			attributes = {
				LastSwiftUpdateCheck = 0820;
				LastUpgradeCheck = 0820;
				ORGANIZATIONNAME = "Dung Le";
				TargetAttributes = {
					729202F41E6C95A90051A70D = {
						CreatedOnToolsVersion = 8.2.1;
						ProvisioningStyle = Automatic;
					};
				};
			};
			buildConfigurationList = 729202F01E6C95A90051A70D /* Build configuration list for PBXProject "ConvertAnything2" */;
			compatibilityVersion = "Xcode 3.2";
			developmentRegion = English;
			hasScannedForEncodings = 0;
			knownRegions = (
				en,
				Base,
			);
			mainGroup = 729202EC1E6C95A80051A70D;
			productRefGroup = 729202F61E6C95A90051A70D /* Products */;
			projectDirPath = "";
			projectRoot = "";
			targets = (
				729202F41E6C95A90051A70D /* ConvertAnything2 */,
			);
		};
/* End PBXProject section */

/* Begin PBXResourcesBuildPhase section */
		729202F31E6C95A90051A70D /* Resources */ = {
			isa = PBXResourcesBuildPhase;
			buildActionMask = 2147483647;
			files = (
				729203031E6C95A90051A70D /* LaunchScreen.storyboard in Resources */,
				729203001E6C95A90051A70D /* Assets.xcassets in Resources */,
				729202FE1E6C95A90051A70D /* Main.storyboard in Resources */,
			);
			runOnlyForDeploymentPostprocessing = 0;
		};
/* End PBXResourcesBuildPhase section */

/* Begin PBXSourcesBuildPhase section */
		729202F11E6C95A90051A70D /* Sources */ = {
			isa = PBXSourcesBuildPhase;
			buildActionMask = 2147483647;
			files = (
				729202FB1E6C95A90051A70D /* ViewController.swift in Sources */,
				729202F91E6C95A90051A70D /* AppDelegate.swift in Sources */,
			);
			runOnlyForDeploymentPostprocessing = 0;
		};
/* End PBXSourcesBuildPhase section */

/* Begin PBXVariantGroup section */
		729202FC1E6C95A90051A70D /* Main.storyboard */ = {
			isa = PBXVariantGroup;
			children = (
				729202FD1E6C95A90051A70D /* Base */,
			);
			name = Main.storyboard;
			sourceTree = "<group>";
		};
		729203011E6C95A90051A70D /* LaunchScreen.storyboard */ = {
			isa = PBXVariantGroup;
			children = (
				729203021E6C95A90051A70D /* Base */,
			);
			name = LaunchScreen.storyboard;
			sourceTree = "<group>";
		};
/* End PBXVariantGroup section */

/* Begin XCBuildConfiguration section */
		729203051E6C95A90051A70D /* Debug */ = {
			isa = XCBuildConfiguration;
			buildSettings = {
				ALWAYS_SEARCH_USER_PATHS = NO;
				CLANG_ANALYZER_NONNULL = YES;
				CLANG_CXX_LANGUAGE_STANDARD = "gnu++0x";
				CLANG_CXX_LIBRARY = "libc++";
				CLANG_ENABLE_MODULES = YES;
				CLANG_ENABLE_OBJC_ARC = YES;
				CLANG_WARN_BOOL_CONVERSION = YES;
				CLANG_WARN_CONSTANT_CONVERSION = YES;
				CLANG_WARN_DIRECT_OBJC_ISA_USAGE = YES_ERROR;
				CLANG_WARN_DOCUMENTATION_COMMENTS = YES;
				CLANG_WARN_EMPTY_BODY = YES;
				CLANG_WARN_ENUM_CONVERSION = YES;
				CLANG_WARN_INFINITE_RECURSION = YES;
				CLANG_WARN_INT_CONVERSION = YES;
				CLANG_WARN_OBJC_ROOT_CLASS = YES_ERROR;
				CLANG_WARN_SUSPICIOUS_MOVE = YES;
				CLANG_WARN_UNREACHABLE_CODE = YES;
				CLANG_WARN__DUPLICATE_METHOD_MATCH = YES;
				"CODE_SIGN_IDENTITY[sdk=iphoneos*]" = "iPhone Developer";
				COPY_PHASE_STRIP = NO;
				DEBUG_INFORMATION_FORMAT = dwarf;
				ENABLE_STRICT_OBJC_MSGSEND = YES;
				ENABLE_TESTABILITY = YES;
				GCC_C_LANGUAGE_STANDARD = gnu99;
				GCC_DYNAMIC_NO_PIC = NO;
				GCC_NO_COMMON_BLOCKS = YES;
				GCC_OPTIMIZATION_LEVEL = 0;
				GCC_PREPROCESSOR_DEFINITIONS = (
					"DEBUG=1",
					"$(inherited)",
				);
				GCC_WARN_64_TO_32_BIT_CONVERSION = YES;
				GCC_WARN_ABOUT_RETURN_TYPE = YES_ERROR;
				GCC_WARN_UNDECLARED_SELECTOR = YES;
				GCC_WARN_UNINITIALIZED_AUTOS = YES_AGGRESSIVE;
				GCC_WARN_UNUSED_FUNCTION = YES;
				GCC_WARN_UNUSED_VARIABLE = YES;
				IPHONEOS_DEPLOYMENT_TARGET = 10.2;
				MTL_ENABLE_DEBUG_INFO = YES;
				ONLY_ACTIVE_ARCH = YES;
				SDKROOT = iphoneos;
				SWIFT_ACTIVE_COMPILATION_CONDITIONS = DEBUG;
				SWIFT_OPTIMIZATION_LEVEL = "-Onone";
				TARGETED_DEVICE_FAMILY = "1,2";
			};
			name = Debug;
		};
		729203061E6C95A90051A70D /* Release */ = {
			isa = XCBuildConfiguration;
			buildSettings = {
				ALWAYS_SEARCH_USER_PATHS = NO;
				CLANG_ANALYZER_NONNULL = YES;
				CLANG_CXX_LANGUAGE_STANDARD = "gnu++0x";
				CLANG_CXX_LIBRARY = "libc++";
				CLANG_ENABLE_MODULES = YES;
				CLANG_ENABLE_OBJC_ARC = YES;
				CLANG_WARN_BOOL_CONVERSION = YES;
				CLANG_WARN_CONSTANT_CONVERSION = YES;
				CLANG_WARN_DIRECT_OBJC_ISA_USAGE = YES_ERROR;
				CLANG_WARN_DOCUMENTATION_COMMENTS = YES;
				CLANG_WARN_EMPTY_BODY = YES;
				CLANG_WARN_ENUM_CONVERSION = YES;
				CLANG_WARN_INFINITE_RECURSION = YES;
				CLANG_WARN_INT_CONVERSION = YES;
				CLANG_WARN_OBJC_ROOT_CLASS = YES_ERROR;
				CLANG_WARN_SUSPICIOUS_MOVE = YES;
				CLANG_WARN_UNREACHABLE_CODE = YES;
				CLANG_WARN__DUPLICATE_METHOD_MATCH = YES;
				"CODE_SIGN_IDENTITY[sdk=iphoneos*]" = "iPhone Developer";
				COPY_PHASE_STRIP = NO;
				DEBUG_INFORMATION_FORMAT = "dwarf-with-dsym";
				ENABLE_NS_ASSERTIONS = NO;
				ENABLE_STRICT_OBJC_MSGSEND = YES;
				GCC_C_LANGUAGE_STANDARD = gnu99;
				GCC_NO_COMMON_BLOCKS = YES;
				GCC_WARN_64_TO_32_BIT_CONVERSION = YES;
				GCC_WARN_ABOUT_RETURN_TYPE = YES_ERROR;
				GCC_WARN_UNDECLARED_SELECTOR = YES;
				GCC_WARN_UNINITIALIZED_AUTOS = YES_AGGRESSIVE;
				GCC_WARN_UNUSED_FUNCTION = YES;
				GCC_WARN_UNUSED_VARIABLE = YES;
				IPHONEOS_DEPLOYMENT_TARGET = 10.2;
				MTL_ENABLE_DEBUG_INFO = NO;
				SDKROOT = iphoneos;
				SWIFT_OPTIMIZATION_LEVEL = "-Owholemodule";
				TARGETED_DEVICE_FAMILY = "1,2";
				VALIDATE_PRODUCT = YES;
			};
			name = Release;
		};
		729203081E6C95A90051A70D /* Debug */ = {
			isa = XCBuildConfiguration;
			buildSettings = {
				ASSETCATALOG_COMPILER_APPICON_NAME = AppIcon;
				INFOPLIST_FILE = ConvertAnything2/Info.plist;
				LD_RUNPATH_SEARCH_PATHS = "$(inherited) @executable_path/Frameworks";
				PRODUCT_BUNDLE_IDENTIFIER = edu.middlebury.CS466.ConvertAnything2;
				PRODUCT_NAME = "$(TARGET_NAME)";
				SWIFT_VERSION = 3.0;
			};
			name = Debug;
		};
		729203091E6C95A90051A70D /* Release */ = {
			isa = XCBuildConfiguration;
			buildSettings = {
				ASSETCATALOG_COMPILER_APPICON_NAME = AppIcon;
				INFOPLIST_FILE = ConvertAnything2/Info.plist;
				LD_RUNPATH_SEARCH_PATHS = "$(inherited) @executable_path/Frameworks";
				PRODUCT_BUNDLE_IDENTIFIER = edu.middlebury.CS466.ConvertAnything2;
				PRODUCT_NAME = "$(TARGET_NAME)";
				SWIFT_VERSION = 3.0;
			};
			name = Release;
		};
/* End XCBuildConfiguration section */

/* Begin XCConfigurationList section */
		729202F01E6C95A90051A70D /* Build configuration list for PBXProject "ConvertAnything2" */ = {
			isa = XCConfigurationList;
			buildConfigurations = (
				729203051E6C95A90051A70D /* Debug */,
				729203061E6C95A90051A70D /* Release */,
			);
			defaultConfigurationIsVisible = 0;
			defaultConfigurationName = Release;
		};
		729203071E6C95A90051A70D /* Build configuration list for PBXNativeTarget "ConvertAnything2" */ = {
			isa = XCConfigurationList;
			buildConfigurations = (
				729203081E6C95A90051A70D /* Debug */,
				729203091E6C95A90051A70D /* Release */,
			);
			defaultConfigurationIsVisible = 0;
		};
/* End XCConfigurationList section */
	};
	rootObject = 729202ED1E6C95A90051A70D /* Project object */;
}
