// !$*UTF8*$!
{
	archiveVersion = 1;
	classes = {
	};
	objectVersion = 46;
	objects = {

/* Begin PBXBuildFile section */
		3FA3558D1C8681DF00F8079D /* AppDelegate.swift in Sources */ = {isa = PBXBuildFile; fileRef = 3FA3558C1C8681DF00F8079D /* AppDelegate.swift */; };
		3FA3558F1C8681DF00F8079D /* ViewController.swift in Sources */ = {isa = PBXBuildFile; fileRef = 3FA3558E1C8681DF00F8079D /* ViewController.swift */; };
		3FA355921C8681DF00F8079D /* Main.storyboard in Resources */ = {isa = PBXBuildFile; fileRef = 3FA355901C8681DF00F8079D /* Main.storyboard */; };
		3FA355941C8681DF00F8079D /* Assets.xcassets in Resources */ = {isa = PBXBuildFile; fileRef = 3FA355931C8681DF00F8079D /* Assets.xcassets */; };
		3FA355971C8681DF00F8079D /* LaunchScreen.storyboard in Resources */ = {isa = PBXBuildFile; fileRef = 3FA355951C8681DF00F8079D /* LaunchScreen.storyboard */; };
/* End PBXBuildFile section */

/* Begin PBXFileReference section */
		3FA355891C8681DF00F8079D /* ProfileApp.app */ = {isa = PBXFileReference; explicitFileType = wrapper.application; includeInIndex = 0; path = ProfileApp.app; sourceTree = BUILT_PRODUCTS_DIR; };
		3FA3558C1C8681DF00F8079D /* AppDelegate.swift */ = {isa = PBXFileReference; lastKnownFileType = sourcecode.swift; path = AppDelegate.swift; sourceTree = "<group>"; };
		3FA3558E1C8681DF00F8079D /* ViewController.swift */ = {isa = PBXFileReference; lastKnownFileType = sourcecode.swift; path = ViewController.swift; sourceTree = "<group>"; };
		3FA355911C8681DF00F8079D /* Base */ = {isa = PBXFileReference; lastKnownFileType = file.storyboard; name = Base; path = Base.lproj/Main.storyboard; sourceTree = "<group>"; };
		3FA355931C8681DF00F8079D /* Assets.xcassets */ = {isa = PBXFileReference; lastKnownFileType = folder.assetcatalog; path = Assets.xcassets; sourceTree = "<group>"; };
		3FA355961C8681DF00F8079D /* Base */ = {isa = PBXFileReference; lastKnownFileType = file.storyboard; name = Base; path = Base.lproj/LaunchScreen.storyboard; sourceTree = "<group>"; };
		3FA355981C8681DF00F8079D /* Info.plist */ = {isa = PBXFileReference; lastKnownFileType = text.plist.xml; path = Info.plist; sourceTree = "<group>"; };
/* End PBXFileReference section */

/* Begin PBXFrameworksBuildPhase section */
		3FA355861C8681DF00F8079D /* Frameworks */ = {
			isa = PBXFrameworksBuildPhase;
			buildActionMask = 2147483647;
			files = (
			);
			runOnlyForDeploymentPostprocessing = 0;
		};
/* End PBXFrameworksBuildPhase section */

/* Begin PBXGroup section */
		3FA355801C8681DF00F8079D = {
			isa = PBXGroup;
			children = (
				3FA3558B1C8681DF00F8079D /* ProfileApp */,
				3FA3558A1C8681DF00F8079D /* Products */,
			);
			sourceTree = "<group>";
		};
		3FA3558A1C8681DF00F8079D /* Products */ = {
			isa = PBXGroup;
			children = (
				3FA355891C8681DF00F8079D /* ProfileApp.app */,
			);
			name = Products;
			sourceTree = "<group>";
		};
		3FA3558B1C8681DF00F8079D /* ProfileApp */ = {
			isa = PBXGroup;
			children = (
				3FA3558C1C8681DF00F8079D /* AppDelegate.swift */,
				3FA3558E1C8681DF00F8079D /* ViewController.swift */,
				3FA355901C8681DF00F8079D /* Main.storyboard */,
				3FA355931C8681DF00F8079D /* Assets.xcassets */,
				3FA355951C8681DF00F8079D /* LaunchScreen.storyboard */,
				3FA355981C8681DF00F8079D /* Info.plist */,
			);
			path = ProfileApp;
			sourceTree = "<group>";
		};
/* End PBXGroup section */

/* Begin PBXNativeTarget section */
		3FA355881C8681DF00F8079D /* ProfileApp */ = {
			isa = PBXNativeTarget;
			buildConfigurationList = 3FA3559B1C8681DF00F8079D /* Build configuration list for PBXNativeTarget "ProfileApp" */;
			buildPhases = (
				3FA355851C8681DF00F8079D /* Sources */,
				3FA355861C8681DF00F8079D /* Frameworks */,
				3FA355871C8681DF00F8079D /* Resources */,
			);
			buildRules = (
			);
			dependencies = (
			);
			name = ProfileApp;
			productName = ProfileApp;
			productReference = 3FA355891C8681DF00F8079D /* ProfileApp.app */;
			productType = "com.apple.product-type.application";
		};
/* End PBXNativeTarget section */

/* Begin PBXProject section */
		3FA355811C8681DF00F8079D /* Project object */ = {
			isa = PBXProject;
			attributes = {
				LastSwiftUpdateCheck = 0720;
				LastUpgradeCheck = 0720;
				ORGANIZATIONNAME = "Dung Le";
				TargetAttributes = {
					3FA355881C8681DF00F8079D = {
						CreatedOnToolsVersion = 7.2;
						DevelopmentTeam = SW47KLV4RD;
					};
				};
			};
			buildConfigurationList = 3FA355841C8681DF00F8079D /* Build configuration list for PBXProject "ProfileApp" */;
			compatibilityVersion = "Xcode 3.2";
			developmentRegion = English;
			hasScannedForEncodings = 0;
			knownRegions = (
				en,
				Base,
			);
			mainGroup = 3FA355801C8681DF00F8079D;
			productRefGroup = 3FA3558A1C8681DF00F8079D /* Products */;
			projectDirPath = "";
			projectRoot = "";
			targets = (
				3FA355881C8681DF00F8079D /* ProfileApp */,
			);
		};
/* End PBXProject section */

/* Begin PBXResourcesBuildPhase section */
		3FA355871C8681DF00F8079D /* Resources */ = {
			isa = PBXResourcesBuildPhase;
			buildActionMask = 2147483647;
			files = (
				3FA355971C8681DF00F8079D /* LaunchScreen.storyboard in Resources */,
				3FA355941C8681DF00F8079D /* Assets.xcassets in Resources */,
				3FA355921C8681DF00F8079D /* Main.storyboard in Resources */,
			);
			runOnlyForDeploymentPostprocessing = 0;
		};
/* End PBXResourcesBuildPhase section */

/* Begin PBXSourcesBuildPhase section */
		3FA355851C8681DF00F8079D /* Sources */ = {
			isa = PBXSourcesBuildPhase;
			buildActionMask = 2147483647;
			files = (
				3FA3558F1C8681DF00F8079D /* ViewController.swift in Sources */,
				3FA3558D1C8681DF00F8079D /* AppDelegate.swift in Sources */,
			);
			runOnlyForDeploymentPostprocessing = 0;
		};
/* End PBXSourcesBuildPhase section */

/* Begin PBXVariantGroup section */
		3FA355901C8681DF00F8079D /* Main.storyboard */ = {
			isa = PBXVariantGroup;
			children = (
				3FA355911C8681DF00F8079D /* Base */,
			);
			name = Main.storyboard;
			sourceTree = "<group>";
		};
		3FA355951C8681DF00F8079D /* LaunchScreen.storyboard */ = {
			isa = PBXVariantGroup;
			children = (
				3FA355961C8681DF00F8079D /* Base */,
			);
			name = LaunchScreen.storyboard;
			sourceTree = "<group>";
		};
/* End PBXVariantGroup section */

/* Begin XCBuildConfiguration section */
		3FA355991C8681DF00F8079D /* Debug */ = {
			isa = XCBuildConfiguration;
			buildSettings = {
				ALWAYS_SEARCH_USER_PATHS = NO;
				CLANG_CXX_LANGUAGE_STANDARD = "gnu++0x";
				CLANG_CXX_LIBRARY = "libc++";
				CLANG_ENABLE_MODULES = YES;
				CLANG_ENABLE_OBJC_ARC = YES;
				CLANG_WARN_BOOL_CONVERSION = YES;
				CLANG_WARN_CONSTANT_CONVERSION = YES;
				CLANG_WARN_DIRECT_OBJC_ISA_USAGE = YES_ERROR;
				CLANG_WARN_EMPTY_BODY = YES;
				CLANG_WARN_ENUM_CONVERSION = YES;
				CLANG_WARN_INT_CONVERSION = YES;
				CLANG_WARN_OBJC_ROOT_CLASS = YES_ERROR;
				CLANG_WARN_UNREACHABLE_CODE = YES;
				CLANG_WARN__DUPLICATE_METHOD_MATCH = YES;
				"CODE_SIGN_IDENTITY[sdk=iphoneos*]" = "iPhone Developer";
				COPY_PHASE_STRIP = NO;
				DEBUG_INFORMATION_FORMAT = dwarf;
				ENABLE_STRICT_OBJC_MSGSEND = YES;
				ENABLE_TESTABILITY = YES;
				GCC_C_LANGUAGE_STANDARD = gnu99;
				GCC_DYNAMIC_NO_PIC = NO;
				GCC_NO_COMMON_BLOCKS = YES;
				GCC_OPTIMIZATION_LEVEL = 0;
				GCC_PREPROCESSOR_DEFINITIONS = (
					"DEBUG=1",
					"$(inherited)",
				);
				GCC_WARN_64_TO_32_BIT_CONVERSION = YES;
				GCC_WARN_ABOUT_RETURN_TYPE = YES_ERROR;
				GCC_WARN_UNDECLARED_SELECTOR = YES;
				GCC_WARN_UNINITIALIZED_AUTOS = YES_AGGRESSIVE;
				GCC_WARN_UNUSED_FUNCTION = YES;
				GCC_WARN_UNUSED_VARIABLE = YES;
				IPHONEOS_DEPLOYMENT_TARGET = 9.2;
				MTL_ENABLE_DEBUG_INFO = YES;
				ONLY_ACTIVE_ARCH = YES;
				SDKROOT = iphoneos;
				SWIFT_OPTIMIZATION_LEVEL = "-Onone";
				TARGETED_DEVICE_FAMILY = "1,2";
			};
			name = Debug;
		};
		3FA3559A1C8681DF00F8079D /* Release */ = {
			isa = XCBuildConfiguration;
			buildSettings = {
				ALWAYS_SEARCH_USER_PATHS = NO;
				CLANG_CXX_LANGUAGE_STANDARD = "gnu++0x";
				CLANG_CXX_LIBRARY = "libc++";
				CLANG_ENABLE_MODULES = YES;
				CLANG_ENABLE_OBJC_ARC = YES;
				CLANG_WARN_BOOL_CONVERSION = YES;
				CLANG_WARN_CONSTANT_CONVERSION = YES;
				CLANG_WARN_DIRECT_OBJC_ISA_USAGE = YES_ERROR;
				CLANG_WARN_EMPTY_BODY = YES;
				CLANG_WARN_ENUM_CONVERSION = YES;
				CLANG_WARN_INT_CONVERSION = YES;
				CLANG_WARN_OBJC_ROOT_CLASS = YES_ERROR;
				CLANG_WARN_UNREACHABLE_CODE = YES;
				CLANG_WARN__DUPLICATE_METHOD_MATCH = YES;
				"CODE_SIGN_IDENTITY[sdk=iphoneos*]" = "iPhone Developer";
				COPY_PHASE_STRIP = NO;
				DEBUG_INFORMATION_FORMAT = "dwarf-with-dsym";
				ENABLE_NS_ASSERTIONS = NO;
				ENABLE_STRICT_OBJC_MSGSEND = YES;
				GCC_C_LANGUAGE_STANDARD = gnu99;
				GCC_NO_COMMON_BLOCKS = YES;
				GCC_WARN_64_TO_32_BIT_CONVERSION = YES;
				GCC_WARN_ABOUT_RETURN_TYPE = YES_ERROR;
				GCC_WARN_UNDECLARED_SELECTOR = YES;
				GCC_WARN_UNINITIALIZED_AUTOS = YES_AGGRESSIVE;
				GCC_WARN_UNUSED_FUNCTION = YES;
				GCC_WARN_UNUSED_VARIABLE = YES;
				IPHONEOS_DEPLOYMENT_TARGET = 9.2;
				MTL_ENABLE_DEBUG_INFO = NO;
				SDKROOT = iphoneos;
				TARGETED_DEVICE_FAMILY = "1,2";
				VALIDATE_PRODUCT = YES;
			};
			name = Release;
		};
		3FA3559C1C8681DF00F8079D /* Debug */ = {
			isa = XCBuildConfiguration;
			buildSettings = {
				ASSETCATALOG_COMPILER_APPICON_NAME = AppIcon;
				CODE_SIGN_IDENTITY = "iPhone Developer";
				INFOPLIST_FILE = ProfileApp/Info.plist;
				LD_RUNPATH_SEARCH_PATHS = "$(inherited) @executable_path/Frameworks";
				PRODUCT_BUNDLE_IDENTIFIER = BenningtonCS.ProfileApp;
				PRODUCT_NAME = "$(TARGET_NAME)";
			};
			name = Debug;
		};
		3FA3559D1C8681DF00F8079D /* Release */ = {
			isa = XCBuildConfiguration;
			buildSettings = {
				ASSETCATALOG_COMPILER_APPICON_NAME = AppIcon;
				CODE_SIGN_IDENTITY = "iPhone Developer";
				INFOPLIST_FILE = ProfileApp/Info.plist;
				LD_RUNPATH_SEARCH_PATHS = "$(inherited) @executable_path/Frameworks";
				PRODUCT_BUNDLE_IDENTIFIER = BenningtonCS.ProfileApp;
				PRODUCT_NAME = "$(TARGET_NAME)";
			};
			name = Release;
		};
/* End XCBuildConfiguration section */

/* Begin XCConfigurationList section */
		3FA355841C8681DF00F8079D /* Build configuration list for PBXProject "ProfileApp" */ = {
			isa = XCConfigurationList;
			buildConfigurations = (
				3FA355991C8681DF00F8079D /* Debug */,
				3FA3559A1C8681DF00F8079D /* Release */,
			);
			defaultConfigurationIsVisible = 0;
			defaultConfigurationName = Release;
		};
		3FA3559B1C8681DF00F8079D /* Build configuration list for PBXNativeTarget "ProfileApp" */ = {
			isa = XCConfigurationList;
			buildConfigurations = (
				3FA3559C1C8681DF00F8079D /* Debug */,
				3FA3559D1C8681DF00F8079D /* Release */,
			);
			defaultConfigurationIsVisible = 0;
		};
/* End XCConfigurationList section */
	};
	rootObject = 3FA355811C8681DF00F8079D /* Project object */;
}
